
Microsoft Visual Studio Solution File, Format Version 12.00
# Visual Studio Version 16
VisualStudioVersion = 16.0.29509.3
MinimumVisualStudioVersion = 10.0.40219.1
Project("{FAE04EC0-301F-11D3-BF4B-00C04F79EFBC}") = "Exam", "Exam\Exam.csproj", "{6CA6409D-AB76-4DAE-AB67-3ADE5B474634}"
EndProject
Global
	GlobalSection(SolutionConfigurationPlatforms) = preSolution
		Debug|Any CPU = Debug|Any CPU
		Release|Any CPU = Release|Any CPU
	EndGlobalSection
	GlobalSection(ProjectConfigurationPlatforms) = postSolution
		{6CA6409D-AB76-4DAE-AB67-3ADE5B474634}.Debug|Any CPU.ActiveCfg = Debug|Any CPU
		{6CA6409D-AB76-4DAE-AB67-3ADE5B474634}.Debug|Any CPU.Build.0 = Debug|Any CPU
		{6CA6409D-AB76-4DAE-AB67-3ADE5B474634}.Release|Any CPU.ActiveCfg = Release|Any CPU
		{6CA6409D-AB76-4DAE-AB67-3ADE5B474634}.Release|Any CPU.Build.0 = Release|Any CPU
	EndGlobalSection
	GlobalSection(SolutionProperties) = preSolution
		HideSolutionNode = FALSE
	EndGlobalSection
	GlobalSection(ExtensibilityGlobals) = postSolution
		SolutionGuid = {1E407A43-A354-4CA7-98A7-F341A516E5EF}
	EndGlobalSection
EndGlobal
